
Microsoft Visual Studio Solution File, Format Version 12.00
# Visual Studio 15
VisualStudioVersion = 15.0.27130.2024
MinimumVisualStudioVersion = 10.0.40219.1
Project("{FAE04EC0-301F-11D3-BF4B-00C04F79EFBC}") = "Host", "Host\Host.csproj", "{ADEAA670-01A2-4CDC-9B8B-B234D81E8735}"
EndProject
Project("{FAE04EC0-301F-11D3-BF4B-00C04F79EFBC}") = "Model", "Model\Model.csproj", "{4CB73711-F6DF-442C-8226-CBDCD4438CF7}"
EndProject
Project("{FAE04EC0-301F-11D3-BF4B-00C04F79EFBC}") = "ViewModel", "ViewModel\ViewModel.csproj", "{16A1D663-A32A-4C60-939D-9428B8367902}"
EndProject
Project("{FAE04EC0-301F-11D3-BF4B-00C04F79EFBC}") = "WcfService", "WcfService\WcfService.csproj", "{2C3C5489-ECAF-4883-BEB7-880B5AB3EEDC}"
EndProject
Project("{FAE04EC0-301F-11D3-BF4B-00C04F79EFBC}") = "BL", "BL\BL.csproj", "{DBA7ECD2-6F13-4252-888F-64B356AF9C71}"
EndProject
Global
	GlobalSection(SolutionConfigurationPlatforms) = preSolution
		Debug|Any CPU = Debug|Any CPU
		Release|Any CPU = Release|Any CPU
	EndGlobalSection
	GlobalSection(ProjectConfigurationPlatforms) = postSolution
		{ADEAA670-01A2-4CDC-9B8B-B234D81E8735}.Debug|Any CPU.ActiveCfg = Debug|Any CPU
		{ADEAA670-01A2-4CDC-9B8B-B234D81E8735}.Debug|Any CPU.Build.0 = Debug|Any CPU
		{ADEAA670-01A2-4CDC-9B8B-B234D81E8735}.Release|Any CPU.ActiveCfg = Release|Any CPU
		{ADEAA670-01A2-4CDC-9B8B-B234D81E8735}.Release|Any CPU.Build.0 = Release|Any CPU
		{4CB73711-F6DF-442C-8226-CBDCD4438CF7}.Debug|Any CPU.ActiveCfg = Debug|Any CPU
		{4CB73711-F6DF-442C-8226-CBDCD4438CF7}.Debug|Any CPU.Build.0 = Debug|Any CPU
		{4CB73711-F6DF-442C-8226-CBDCD4438CF7}.Release|Any CPU.ActiveCfg = Release|Any CPU
		{4CB73711-F6DF-442C-8226-CBDCD4438CF7}.Release|Any CPU.Build.0 = Release|Any CPU
		{16A1D663-A32A-4C60-939D-9428B8367902}.Debug|Any CPU.ActiveCfg = Debug|Any CPU
		{16A1D663-A32A-4C60-939D-9428B8367902}.Debug|Any CPU.Build.0 = Debug|Any CPU
		{16A1D663-A32A-4C60-939D-9428B8367902}.Release|Any CPU.ActiveCfg = Release|Any CPU
		{16A1D663-A32A-4C60-939D-9428B8367902}.Release|Any CPU.Build.0 = Release|Any CPU
		{2C3C5489-ECAF-4883-BEB7-880B5AB3EEDC}.Debug|Any CPU.ActiveCfg = Debug|Any CPU
		{2C3C5489-ECAF-4883-BEB7-880B5AB3EEDC}.Debug|Any CPU.Build.0 = Debug|Any CPU
		{2C3C5489-ECAF-4883-BEB7-880B5AB3EEDC}.Release|Any CPU.ActiveCfg = Release|Any CPU
		{2C3C5489-ECAF-4883-BEB7-880B5AB3EEDC}.Release|Any CPU.Build.0 = Release|Any CPU
		{DBA7ECD2-6F13-4252-888F-64B356AF9C71}.Debug|Any CPU.ActiveCfg = Debug|Any CPU
		{DBA7ECD2-6F13-4252-888F-64B356AF9C71}.Debug|Any CPU.Build.0 = Debug|Any CPU
		{DBA7ECD2-6F13-4252-888F-64B356AF9C71}.Release|Any CPU.ActiveCfg = Release|Any CPU
		{DBA7ECD2-6F13-4252-888F-64B356AF9C71}.Release|Any CPU.Build.0 = Release|Any CPU
	EndGlobalSection
	GlobalSection(SolutionProperties) = preSolution
		HideSolutionNode = FALSE
	EndGlobalSection
	GlobalSection(ExtensibilityGlobals) = postSolution
		SolutionGuid = {58FF0049-1371-4775-9E12-CFE07F905C23}
	EndGlobalSection
EndGlobal
